
Microsoft Visual Studio Solution File, Format Version 12.00
# Visual Studio Version 17
VisualStudioVersion = 17.0.31903.59
MinimumVisualStudioVersion = 10.0.40219.1
Project("{2150E333-8FDC-42A3-9474-1A3956D46DE8}") = "Class01", "Class01", "{2046AB36-5D3C-4510-A455-CD18A93A34D9}"
EndProject
Project("{2150E333-8FDC-42A3-9474-1A3956D46DE8}") = "Class02", "Class02", "{ED82CF0E-B232-4F2F-9D2D-86F8D1064C97}"
EndProject
Project("{2150E333-8FDC-42A3-9474-1A3956D46DE8}") = "Class03", "Class03", "{833CE5BC-B1F8-4284-B31D-C9FF4BD5E2B3}"
EndProject
Project("{2150E333-8FDC-42A3-9474-1A3956D46DE8}") = "Class04", "Class04", "{A600817F-8FB4-4DFC-B822-CDEDECEDA93D}"
EndProject
Project("{2150E333-8FDC-42A3-9474-1A3956D46DE8}") = "Class05", "Class05", "{79EAE804-167E-4568-BAA6-4410356B5E5F}"
EndProject
Project("{2150E333-8FDC-42A3-9474-1A3956D46DE8}") = "Class09", "Class09", "{B6C52A68-DEB1-46ED-99B6-20C1C070D75C}"
EndProject
Project("{2150E333-8FDC-42A3-9474-1A3956D46DE8}") = "Class10", "Class10", "{99FAF40D-F8F8-44F9-A5F1-65A307A3B880}"
EndProject
Project("{9A19103F-16F7-4668-BE54-9A1E7A4F7556}") = "ControllersSample", "Class02\ControllersSample\ControllersSample.csproj", "{2F4A2FD5-C796-4FDC-B522-5B1B3464333C}"
EndProject
Project("{9A19103F-16F7-4668-BE54-9A1E7A4F7556}") = "OurFirstWebApp", "Class01\OurFirstWebApp\OurFirstWebApp.csproj", "{1575E5BD-EB49-4DC9-9338-34A252FCEE4F}"
EndProject
Project("{9A19103F-16F7-4668-BE54-9A1E7A4F7556}") = "ModelsSample", "Class03\ModelsSample\ModelsSample.csproj", "{91914E2B-7D30-4187-AED9-99D8BE391B8E}"
EndProject
Project("{9A19103F-16F7-4668-BE54-9A1E7A4F7556}") = "ViewsSample", "Class04\ViewsSample\ViewsSample.csproj", "{DCC6766A-7FCF-4598-AD5B-7F2375EA6F12}"
EndProject
Project("{9A19103F-16F7-4668-BE54-9A1E7A4F7556}") = "SEDC.PizzaApp", "Class04\SEDC.PizzaApp\SEDC.PizzaApp\SEDC.PizzaApp.csproj", "{CCBA6E5D-F2D4-4471-AB24-6CF6543513F4}"
EndProject
Project("{9A19103F-16F7-4668-BE54-9A1E7A4F7556}") = "ViewHelpersSample", "Class05\ViewHelpersSample\ViewHelpersSample.csproj", "{96A5EB33-EFD6-42FB-9196-D5586C7592B7}"
EndProject
Project("{2150E333-8FDC-42A3-9474-1A3956D46DE8}") = "Class06_07_08", "Class06_07_08", "{827694E4-4A4A-4353-AF85-069110D693D2}"
EndProject
Project("{9A19103F-16F7-4668-BE54-9A1E7A4F7556}") = "SEDC.PizzaApp.Web", "Class06_07_08\SEDC.PizzaApp.Web\SEDC.PizzaApp.Web.csproj", "{3620323E-3E5D-476E-B16A-00F87E28E8D7}"
EndProject
Project("{9A19103F-16F7-4668-BE54-9A1E7A4F7556}") = "SEDC.PizzaApp.DataAccess", "Class06_07_08\SEDC.PizzaApp.DataAccess\SEDC.PizzaApp.DataAccess.csproj", "{D7015603-480C-478D-8561-F0254365854E}"
EndProject
Project("{9A19103F-16F7-4668-BE54-9A1E7A4F7556}") = "SEDC.PizzaApp.BusinessLogic", "Class06_07_08\SEDC.PizzaApp.BusinessLogic\SEDC.PizzaApp.BusinessLogic.csproj", "{F3834ADE-6D7B-4C9C-A4B7-140F325857BB}"
EndProject
Global
	GlobalSection(SolutionConfigurationPlatforms) = preSolution
		Debug|Any CPU = Debug|Any CPU
		Release|Any CPU = Release|Any CPU
	EndGlobalSection
	GlobalSection(ProjectConfigurationPlatforms) = postSolution
		{2F4A2FD5-C796-4FDC-B522-5B1B3464333C}.Debug|Any CPU.ActiveCfg = Debug|Any CPU
		{2F4A2FD5-C796-4FDC-B522-5B1B3464333C}.Debug|Any CPU.Build.0 = Debug|Any CPU
		{2F4A2FD5-C796-4FDC-B522-5B1B3464333C}.Release|Any CPU.ActiveCfg = Release|Any CPU
		{2F4A2FD5-C796-4FDC-B522-5B1B3464333C}.Release|Any CPU.Build.0 = Release|Any CPU
		{1575E5BD-EB49-4DC9-9338-34A252FCEE4F}.Debug|Any CPU.ActiveCfg = Debug|Any CPU
		{1575E5BD-EB49-4DC9-9338-34A252FCEE4F}.Debug|Any CPU.Build.0 = Debug|Any CPU
		{1575E5BD-EB49-4DC9-9338-34A252FCEE4F}.Release|Any CPU.ActiveCfg = Release|Any CPU
		{1575E5BD-EB49-4DC9-9338-34A252FCEE4F}.Release|Any CPU.Build.0 = Release|Any CPU
		{91914E2B-7D30-4187-AED9-99D8BE391B8E}.Debug|Any CPU.ActiveCfg = Debug|Any CPU
		{91914E2B-7D30-4187-AED9-99D8BE391B8E}.Debug|Any CPU.Build.0 = Debug|Any CPU
		{91914E2B-7D30-4187-AED9-99D8BE391B8E}.Release|Any CPU.ActiveCfg = Release|Any CPU
		{91914E2B-7D30-4187-AED9-99D8BE391B8E}.Release|Any CPU.Build.0 = Release|Any CPU
		{DCC6766A-7FCF-4598-AD5B-7F2375EA6F12}.Debug|Any CPU.ActiveCfg = Debug|Any CPU
		{DCC6766A-7FCF-4598-AD5B-7F2375EA6F12}.Debug|Any CPU.Build.0 = Debug|Any CPU
		{DCC6766A-7FCF-4598-AD5B-7F2375EA6F12}.Release|Any CPU.ActiveCfg = Release|Any CPU
		{DCC6766A-7FCF-4598-AD5B-7F2375EA6F12}.Release|Any CPU.Build.0 = Release|Any CPU
		{CCBA6E5D-F2D4-4471-AB24-6CF6543513F4}.Debug|Any CPU.ActiveCfg = Debug|Any CPU
		{CCBA6E5D-F2D4-4471-AB24-6CF6543513F4}.Debug|Any CPU.Build.0 = Debug|Any CPU
		{CCBA6E5D-F2D4-4471-AB24-6CF6543513F4}.Release|Any CPU.ActiveCfg = Release|Any CPU
		{CCBA6E5D-F2D4-4471-AB24-6CF6543513F4}.Release|Any CPU.Build.0 = Release|Any CPU
		{96A5EB33-EFD6-42FB-9196-D5586C7592B7}.Debug|Any CPU.ActiveCfg = Debug|Any CPU
		{96A5EB33-EFD6-42FB-9196-D5586C7592B7}.Debug|Any CPU.Build.0 = Debug|Any CPU
		{96A5EB33-EFD6-42FB-9196-D5586C7592B7}.Release|Any CPU.ActiveCfg = Release|Any CPU
		{96A5EB33-EFD6-42FB-9196-D5586C7592B7}.Release|Any CPU.Build.0 = Release|Any CPU
		{3620323E-3E5D-476E-B16A-00F87E28E8D7}.Debug|Any CPU.ActiveCfg = Debug|Any CPU
		{3620323E-3E5D-476E-B16A-00F87E28E8D7}.Debug|Any CPU.Build.0 = Debug|Any CPU
		{3620323E-3E5D-476E-B16A-00F87E28E8D7}.Release|Any CPU.ActiveCfg = Release|Any CPU
		{3620323E-3E5D-476E-B16A-00F87E28E8D7}.Release|Any CPU.Build.0 = Release|Any CPU
		{D7015603-480C-478D-8561-F0254365854E}.Debug|Any CPU.ActiveCfg = Debug|Any CPU
		{D7015603-480C-478D-8561-F0254365854E}.Debug|Any CPU.Build.0 = Debug|Any CPU
		{D7015603-480C-478D-8561-F0254365854E}.Release|Any CPU.ActiveCfg = Release|Any CPU
		{D7015603-480C-478D-8561-F0254365854E}.Release|Any CPU.Build.0 = Release|Any CPU
		{F3834ADE-6D7B-4C9C-A4B7-140F325857BB}.Debug|Any CPU.ActiveCfg = Debug|Any CPU
		{F3834ADE-6D7B-4C9C-A4B7-140F325857BB}.Debug|Any CPU.Build.0 = Debug|Any CPU
		{F3834ADE-6D7B-4C9C-A4B7-140F325857BB}.Release|Any CPU.ActiveCfg = Release|Any CPU
		{F3834ADE-6D7B-4C9C-A4B7-140F325857BB}.Release|Any CPU.Build.0 = Release|Any CPU
	EndGlobalSection
	GlobalSection(SolutionProperties) = preSolution
		HideSolutionNode = FALSE
	EndGlobalSection
	GlobalSection(NestedProjects) = preSolution
		{2F4A2FD5-C796-4FDC-B522-5B1B3464333C} = {ED82CF0E-B232-4F2F-9D2D-86F8D1064C97}
		{1575E5BD-EB49-4DC9-9338-34A252FCEE4F} = {2046AB36-5D3C-4510-A455-CD18A93A34D9}
		{91914E2B-7D30-4187-AED9-99D8BE391B8E} = {833CE5BC-B1F8-4284-B31D-C9FF4BD5E2B3}
		{DCC6766A-7FCF-4598-AD5B-7F2375EA6F12} = {A600817F-8FB4-4DFC-B822-CDEDECEDA93D}
		{CCBA6E5D-F2D4-4471-AB24-6CF6543513F4} = {A600817F-8FB4-4DFC-B822-CDEDECEDA93D}
		{96A5EB33-EFD6-42FB-9196-D5586C7592B7} = {79EAE804-167E-4568-BAA6-4410356B5E5F}
		{3620323E-3E5D-476E-B16A-00F87E28E8D7} = {827694E4-4A4A-4353-AF85-069110D693D2}
		{D7015603-480C-478D-8561-F0254365854E} = {827694E4-4A4A-4353-AF85-069110D693D2}
		{F3834ADE-6D7B-4C9C-A4B7-140F325857BB} = {827694E4-4A4A-4353-AF85-069110D693D2}
	EndGlobalSection
	GlobalSection(ExtensibilityGlobals) = postSolution
		SolutionGuid = {FF8BCD90-4227-4211-A267-C6698792D863}
	EndGlobalSection
EndGlobal
