
Microsoft Visual Studio Solution File, Format Version 12.00
# Visual Studio Version 17
VisualStudioVersion = 17.0.31903.59
MinimumVisualStudioVersion = 10.0.40219.1
Project("{2150E333-8FDC-42A3-9474-1A3956D46DE8}") = "Class01", "Class01", "{2046AB36-5D3C-4510-A455-CD18A93A34D9}"
EndProject
Project("{2150E333-8FDC-42A3-9474-1A3956D46DE8}") = "Class02", "Class02", "{ED82CF0E-B232-4F2F-9D2D-86F8D1064C97}"
EndProject
Project("{2150E333-8FDC-42A3-9474-1A3956D46DE8}") = "Class03", "Class03", "{833CE5BC-B1F8-4284-B31D-C9FF4BD5E2B3}"
EndProject
Project("{2150E333-8FDC-42A3-9474-1A3956D46DE8}") = "Class04", "Class04", "{A600817F-8FB4-4DFC-B822-CDEDECEDA93D}"
EndProject
Project("{2150E333-8FDC-42A3-9474-1A3956D46DE8}") = "Class05", "Class05", "{79EAE804-167E-4568-BAA6-4410356B5E5F}"
EndProject
Project("{2150E333-8FDC-42A3-9474-1A3956D46DE8}") = "Class06-08", "Class06-08", "{D4016CA9-B03F-47EB-A6DA-6E665EA64F06}"
EndProject
Project("{2150E333-8FDC-42A3-9474-1A3956D46DE8}") = "Class09", "Class09", "{B6C52A68-DEB1-46ED-99B6-20C1C070D75C}"
EndProject
Project("{2150E333-8FDC-42A3-9474-1A3956D46DE8}") = "Class10", "Class10", "{99FAF40D-F8F8-44F9-A5F1-65A307A3B880}"
EndProject
Project("{FAE04EC0-301F-11D3-BF4B-00C04F79EFBC}") = "OurFirstWebApp", "OurFirstWebApp\OurFirstWebApp.csproj", "{3202D1C4-004A-4D9A-AF15-B822B0C4BC4E}"
EndProject
Project("{FAE04EC0-301F-11D3-BF4B-00C04F79EFBC}") = "ControllersSample", "ControllersSample\ControllersSample.csproj", "{07B3D9E3-C78A-48E2-A193-E39DAC04356D}"
EndProject
Global
	GlobalSection(SolutionConfigurationPlatforms) = preSolution
		Debug|Any CPU = Debug|Any CPU
		Release|Any CPU = Release|Any CPU
	EndGlobalSection
	GlobalSection(ProjectConfigurationPlatforms) = postSolution
		{3202D1C4-004A-4D9A-AF15-B822B0C4BC4E}.Debug|Any CPU.ActiveCfg = Debug|Any CPU
		{3202D1C4-004A-4D9A-AF15-B822B0C4BC4E}.Debug|Any CPU.Build.0 = Debug|Any CPU
		{3202D1C4-004A-4D9A-AF15-B822B0C4BC4E}.Release|Any CPU.ActiveCfg = Release|Any CPU
		{3202D1C4-004A-4D9A-AF15-B822B0C4BC4E}.Release|Any CPU.Build.0 = Release|Any CPU
		{07B3D9E3-C78A-48E2-A193-E39DAC04356D}.Debug|Any CPU.ActiveCfg = Debug|Any CPU
		{07B3D9E3-C78A-48E2-A193-E39DAC04356D}.Debug|Any CPU.Build.0 = Debug|Any CPU
		{07B3D9E3-C78A-48E2-A193-E39DAC04356D}.Release|Any CPU.ActiveCfg = Release|Any CPU
		{07B3D9E3-C78A-48E2-A193-E39DAC04356D}.Release|Any CPU.Build.0 = Release|Any CPU
	EndGlobalSection
	GlobalSection(SolutionProperties) = preSolution
		HideSolutionNode = FALSE
	EndGlobalSection
	GlobalSection(NestedProjects) = preSolution
		{3202D1C4-004A-4D9A-AF15-B822B0C4BC4E} = {2046AB36-5D3C-4510-A455-CD18A93A34D9}
		{07B3D9E3-C78A-48E2-A193-E39DAC04356D} = {ED82CF0E-B232-4F2F-9D2D-86F8D1064C97}
	EndGlobalSection
	GlobalSection(ExtensibilityGlobals) = postSolution
		SolutionGuid = {FF8BCD90-4227-4211-A267-C6698792D863}
	EndGlobalSection
EndGlobal
